
Microsoft Visual Studio Solution File, Format Version 12.00
# Visual Studio Version 17
VisualStudioVersion = 17.0.32014.148
MinimumVisualStudioVersion = 10.0.40219.1
Project("{FAE04EC0-301F-11D3-BF4B-00C04F79EFBC}") = "Calculator1123", "Calculator1123\Calculator1123.csproj", "{3F7C8D51-691D-4CA3-A8F3-108288E77389}"
EndProject
Global
	GlobalSection(SolutionConfigurationPlatforms) = preSolution
		Debug|Any CPU = Debug|Any CPU
		Release|Any CPU = Release|Any CPU
	EndGlobalSection
	GlobalSection(ProjectConfigurationPlatforms) = postSolution
		{3F7C8D51-691D-4CA3-A8F3-108288E77389}.Debug|Any CPU.ActiveCfg = Debug|Any CPU
		{3F7C8D51-691D-4CA3-A8F3-108288E77389}.Debug|Any CPU.Build.0 = Debug|Any CPU
		{3F7C8D51-691D-4CA3-A8F3-108288E77389}.Release|Any CPU.ActiveCfg = Release|Any CPU
		{3F7C8D51-691D-4CA3-A8F3-108288E77389}.Release|Any CPU.Build.0 = Release|Any CPU
	EndGlobalSection
	GlobalSection(SolutionProperties) = preSolution
		HideSolutionNode = FALSE
	EndGlobalSection
	GlobalSection(ExtensibilityGlobals) = postSolution
		SolutionGuid = {789B916E-7CB5-4D0B-9877-97D92CDCB7E0}
	EndGlobalSection
EndGlobal
